
Microsoft Visual Studio Solution File, Format Version 12.00
# Visual Studio 2013
VisualStudioVersion = 12.0.21005.1
MinimumVisualStudioVersion = 10.0.40219.1
Project("{FAE04EC0-301F-11D3-BF4B-00C04F79EFBC}") = "LunchClubMailer", "LunchClubMailer\LunchClubMailer.csproj", "{D36A7215-4532-4423-BD80-CE40BCBDD613}"
EndProject
Global
	GlobalSection(TeamFoundationVersionControl) = preSolution
		SccNumberOfProjects = 2
		SccEnterpriseProvider = {4CA58AB2-18FA-4F8D-95D4-32DDF27D184C}
		SccTeamFoundationServer = http://tfs.phibred.com:8080/tfs/field_engineering_collection
		SccLocalPath0 = .
		SccProjectUniqueName1 = LunchClubMailer\\LunchClubMailer.csproj
		SccProjectName1 = LunchClubMailer
		SccLocalPath1 = LunchClubMailer
	EndGlobalSection
	GlobalSection(SolutionConfigurationPlatforms) = preSolution
		Debug|Any CPU = Debug|Any CPU
		Release|Any CPU = Release|Any CPU
	EndGlobalSection
	GlobalSection(ProjectConfigurationPlatforms) = postSolution
		{D36A7215-4532-4423-BD80-CE40BCBDD613}.Debug|Any CPU.ActiveCfg = Debug|Any CPU
		{D36A7215-4532-4423-BD80-CE40BCBDD613}.Debug|Any CPU.Build.0 = Debug|Any CPU
		{D36A7215-4532-4423-BD80-CE40BCBDD613}.Release|Any CPU.ActiveCfg = Release|Any CPU
		{D36A7215-4532-4423-BD80-CE40BCBDD613}.Release|Any CPU.Build.0 = Release|Any CPU
	EndGlobalSection
	GlobalSection(SolutionProperties) = preSolution
		HideSolutionNode = FALSE
	EndGlobalSection
EndGlobal
